
Microsoft Visual Studio Solution File, Format Version 12.00
# Visual Studio Version 16
VisualStudioVersion = 16.0.31402.337
MinimumVisualStudioVersion = 10.0.40219.1
Project("{FAE04EC0-301F-11D3-BF4B-00C04F79EFBC}") = "Emailer", "Emailer.csproj", "{B21877CB-0B9A-4E21-9C4F-EB4B5AE50232}"
EndProject
Global
	GlobalSection(SolutionConfigurationPlatforms) = preSolution
		Debug|Any CPU = Debug|Any CPU
		Release|Any CPU = Release|Any CPU
	EndGlobalSection
	GlobalSection(ProjectConfigurationPlatforms) = postSolution
		{B21877CB-0B9A-4E21-9C4F-EB4B5AE50232}.Debug|Any CPU.ActiveCfg = Debug|Any CPU
		{B21877CB-0B9A-4E21-9C4F-EB4B5AE50232}.Debug|Any CPU.Build.0 = Debug|Any CPU
		{B21877CB-0B9A-4E21-9C4F-EB4B5AE50232}.Release|Any CPU.ActiveCfg = Release|Any CPU
		{B21877CB-0B9A-4E21-9C4F-EB4B5AE50232}.Release|Any CPU.Build.0 = Release|Any CPU
	EndGlobalSection
	GlobalSection(SolutionProperties) = preSolution
		HideSolutionNode = FALSE
	EndGlobalSection
	GlobalSection(ExtensibilityGlobals) = postSolution
		SolutionGuid = {569BED7F-034A-4BB7-B3C7-42C572BC4A54}
	EndGlobalSection
EndGlobal
